
Microsoft Visual Studio Solution File, Format Version 12.00
# Visual Studio 15
VisualStudioVersion = 15.0.28307.1169
MinimumVisualStudioVersion = 10.0.40219.1
Project("{FAE04EC0-301F-11D3-BF4B-00C04F79EFBC}") = "Vet_klinikaIS", "Vet_klinikaIS\Vet_klinikaIS.csproj", "{30111A38-D537-4FBE-B0CF-F74537DAC827}"
EndProject
Global
	GlobalSection(SolutionConfigurationPlatforms) = preSolution
		Debug|Any CPU = Debug|Any CPU
		Release|Any CPU = Release|Any CPU
	EndGlobalSection
	GlobalSection(ProjectConfigurationPlatforms) = postSolution
		{30111A38-D537-4FBE-B0CF-F74537DAC827}.Debug|Any CPU.ActiveCfg = Debug|Any CPU
		{30111A38-D537-4FBE-B0CF-F74537DAC827}.Debug|Any CPU.Build.0 = Debug|Any CPU
		{30111A38-D537-4FBE-B0CF-F74537DAC827}.Release|Any CPU.ActiveCfg = Release|Any CPU
		{30111A38-D537-4FBE-B0CF-F74537DAC827}.Release|Any CPU.Build.0 = Release|Any CPU
	EndGlobalSection
	GlobalSection(SolutionProperties) = preSolution
		HideSolutionNode = FALSE
	EndGlobalSection
	GlobalSection(ExtensibilityGlobals) = postSolution
		SolutionGuid = {C1D1773C-C107-4309-BFAA-EF7F5AFB1141}
	EndGlobalSection
EndGlobal
